
Microsoft Visual Studio Solution File, Format Version 12.00
# Visual Studio Version 16
VisualStudioVersion = 16.0.30021.99
MinimumVisualStudioVersion = 10.0.40219.1
Project("{FAE04EC0-301F-11D3-BF4B-00C04F79EFBC}") = "A3", "A3.csproj", "{CBA335C4-E943-41A2-88B2-F5A1AA28D56D}"
EndProject
Global
	GlobalSection(SolutionConfigurationPlatforms) = preSolution
		Debug|Any CPU = Debug|Any CPU
		Release|Any CPU = Release|Any CPU
	EndGlobalSection
	GlobalSection(ProjectConfigurationPlatforms) = postSolution
		{CBA335C4-E943-41A2-88B2-F5A1AA28D56D}.Debug|Any CPU.ActiveCfg = Debug|Any CPU
		{CBA335C4-E943-41A2-88B2-F5A1AA28D56D}.Debug|Any CPU.Build.0 = Debug|Any CPU
		{CBA335C4-E943-41A2-88B2-F5A1AA28D56D}.Release|Any CPU.ActiveCfg = Release|Any CPU
		{CBA335C4-E943-41A2-88B2-F5A1AA28D56D}.Release|Any CPU.Build.0 = Release|Any CPU
	EndGlobalSection
	GlobalSection(SolutionProperties) = preSolution
		HideSolutionNode = FALSE
	EndGlobalSection
	GlobalSection(ExtensibilityGlobals) = postSolution
		SolutionGuid = {3C3EA767-E51C-4D9C-A0FF-D227AB86BD97}
	EndGlobalSection
EndGlobal
