
Microsoft Visual Studio Solution File, Format Version 12.00
# Visual Studio Version 16
VisualStudioVersion = 16.0.30021.99
MinimumVisualStudioVersion = 10.0.40219.1
Project("{FAE04EC0-301F-11D3-BF4B-00C04F79EFBC}") = "A6", "A6.csproj", "{090C1433-3F5E-42F0-AA5C-D8147CF3961F}"
EndProject
Global
	GlobalSection(SolutionConfigurationPlatforms) = preSolution
		Debug|Any CPU = Debug|Any CPU
		Release|Any CPU = Release|Any CPU
	EndGlobalSection
	GlobalSection(ProjectConfigurationPlatforms) = postSolution
		{090C1433-3F5E-42F0-AA5C-D8147CF3961F}.Debug|Any CPU.ActiveCfg = Debug|Any CPU
		{090C1433-3F5E-42F0-AA5C-D8147CF3961F}.Debug|Any CPU.Build.0 = Debug|Any CPU
		{090C1433-3F5E-42F0-AA5C-D8147CF3961F}.Release|Any CPU.ActiveCfg = Release|Any CPU
		{090C1433-3F5E-42F0-AA5C-D8147CF3961F}.Release|Any CPU.Build.0 = Release|Any CPU
	EndGlobalSection
	GlobalSection(SolutionProperties) = preSolution
		HideSolutionNode = FALSE
	EndGlobalSection
	GlobalSection(ExtensibilityGlobals) = postSolution
		SolutionGuid = {A62B0C86-36E7-4436-92FD-2FFFD312FFAE}
	EndGlobalSection
EndGlobal
